
Microsoft Visual Studio Solution File, Format Version 12.00
# Visual Studio Version 16
VisualStudioVersion = 16.0.29806.167
MinimumVisualStudioVersion = 10.0.40219.1
Project("{FAE04EC0-301F-11D3-BF4B-00C04F79EFBC}") = "Assignment 5", "Assignment 5\Assignment 5.csproj", "{0282FF54-9AB6-4E08-9E09-A9B010ADF38E}"
EndProject
Global
	GlobalSection(SolutionConfigurationPlatforms) = preSolution
		Debug|Any CPU = Debug|Any CPU
		Release|Any CPU = Release|Any CPU
	EndGlobalSection
	GlobalSection(ProjectConfigurationPlatforms) = postSolution
		{0282FF54-9AB6-4E08-9E09-A9B010ADF38E}.Debug|Any CPU.ActiveCfg = Debug|Any CPU
		{0282FF54-9AB6-4E08-9E09-A9B010ADF38E}.Debug|Any CPU.Build.0 = Debug|Any CPU
		{0282FF54-9AB6-4E08-9E09-A9B010ADF38E}.Release|Any CPU.ActiveCfg = Release|Any CPU
		{0282FF54-9AB6-4E08-9E09-A9B010ADF38E}.Release|Any CPU.Build.0 = Release|Any CPU
	EndGlobalSection
	GlobalSection(SolutionProperties) = preSolution
		HideSolutionNode = FALSE
	EndGlobalSection
	GlobalSection(ExtensibilityGlobals) = postSolution
		SolutionGuid = {6713528C-261B-40D7-8D02-9C90EC6D0CCF}
	EndGlobalSection
EndGlobal
